// !$*UTF8*$!
{
	archiveVersion = 1;
	classes = {
	};
	objectVersion = 50;
	objects = {

/* Begin PBXBuildFile section */
		3077E54221CC333800814343 /* AppDelegate.swift in Sources */ = {isa = PBXBuildFile; fileRef = 3077E54121CC333800814343 /* AppDelegate.swift */; };
		3077E54421CC333800814343 /* ViewController.swift in Sources */ = {isa = PBXBuildFile; fileRef = 3077E54321CC333800814343 /* ViewController.swift */; };
		3077E54721CC333900814343 /* Main.storyboard in Resources */ = {isa = PBXBuildFile; fileRef = 3077E54521CC333900814343 /* Main.storyboard */; };
		3077E54921CC333B00814343 /* Assets.xcassets in Resources */ = {isa = PBXBuildFile; fileRef = 3077E54821CC333B00814343 /* Assets.xcassets */; };
		3077E54C21CC333B00814343 /* LaunchScreen.storyboard in Resources */ = {isa = PBXBuildFile; fileRef = 3077E54A21CC333B00814343 /* LaunchScreen.storyboard */; };
		3077E55721CC333C00814343 /* RadiatorTests.swift in Sources */ = {isa = PBXBuildFile; fileRef = 3077E55621CC333C00814343 /* RadiatorTests.swift */; };
		3077E56221CC333D00814343 /* RadiatorUITests.swift in Sources */ = {isa = PBXBuildFile; fileRef = 3077E56121CC333D00814343 /* RadiatorUITests.swift */; };
/* End PBXBuildFile section */

/* Begin PBXContainerItemProxy section */
		3077E55321CC333C00814343 /* PBXContainerItemProxy */ = {
			isa = PBXContainerItemProxy;
			containerPortal = 3077E53621CC333700814343 /* Project object */;
			proxyType = 1;
			remoteGlobalIDString = 3077E53D21CC333800814343;
			remoteInfo = Radiator;
		};
		3077E55E21CC333D00814343 /* PBXContainerItemProxy */ = {
			isa = PBXContainerItemProxy;
			containerPortal = 3077E53621CC333700814343 /* Project object */;
			proxyType = 1;
			remoteGlobalIDString = 3077E53D21CC333800814343;
			remoteInfo = Radiator;
		};
/* End PBXContainerItemProxy section */

/* Begin PBXFileReference section */
		3077E53E21CC333800814343 /* Radiator.app */ = {isa = PBXFileReference; explicitFileType = wrapper.application; includeInIndex = 0; path = Radiator.app; sourceTree = BUILT_PRODUCTS_DIR; };
		3077E54121CC333800814343 /* AppDelegate.swift */ = {isa = PBXFileReference; lastKnownFileType = sourcecode.swift; path = AppDelegate.swift; sourceTree = "<group>"; };
		3077E54321CC333800814343 /* ViewController.swift */ = {isa = PBXFileReference; lastKnownFileType = sourcecode.swift; path = ViewController.swift; sourceTree = "<group>"; };
		3077E54621CC333900814343 /* Base */ = {isa = PBXFileReference; lastKnownFileType = file.storyboard; name = Base; path = Base.lproj/Main.storyboard; sourceTree = "<group>"; };
		3077E54821CC333B00814343 /* Assets.xcassets */ = {isa = PBXFileReference; lastKnownFileType = folder.assetcatalog; path = Assets.xcassets; sourceTree = "<group>"; };
		3077E54B21CC333B00814343 /* Base */ = {isa = PBXFileReference; lastKnownFileType = file.storyboard; name = Base; path = Base.lproj/LaunchScreen.storyboard; sourceTree = "<group>"; };
		3077E54D21CC333C00814343 /* Info.plist */ = {isa = PBXFileReference; lastKnownFileType = text.plist.xml; path = Info.plist; sourceTree = "<group>"; };
		3077E55221CC333C00814343 /* RadiatorTests.xctest */ = {isa = PBXFileReference; explicitFileType = wrapper.cfbundle; includeInIndex = 0; path = RadiatorTests.xctest; sourceTree = BUILT_PRODUCTS_DIR; };
		3077E55621CC333C00814343 /* RadiatorTests.swift */ = {isa = PBXFileReference; lastKnownFileType = sourcecode.swift; path = RadiatorTests.swift; sourceTree = "<group>"; };
		3077E55821CC333D00814343 /* Info.plist */ = {isa = PBXFileReference; lastKnownFileType = text.plist.xml; path = Info.plist; sourceTree = "<group>"; };
		3077E55D21CC333D00814343 /* RadiatorUITests.xctest */ = {isa = PBXFileReference; explicitFileType = wrapper.cfbundle; includeInIndex = 0; path = RadiatorUITests.xctest; sourceTree = BUILT_PRODUCTS_DIR; };
		3077E56121CC333D00814343 /* RadiatorUITests.swift */ = {isa = PBXFileReference; lastKnownFileType = sourcecode.swift; path = RadiatorUITests.swift; sourceTree = "<group>"; };
		3077E56321CC333D00814343 /* Info.plist */ = {isa = PBXFileReference; lastKnownFileType = text.plist.xml; path = Info.plist; sourceTree = "<group>"; };
/* End PBXFileReference section */

/* Begin PBXFrameworksBuildPhase section */
		3077E53B21CC333800814343 /* Frameworks */ = {
			isa = PBXFrameworksBuildPhase;
			buildActionMask = 2147483647;
			files = (
			);
			runOnlyForDeploymentPostprocessing = 0;
		};
		3077E54F21CC333C00814343 /* Frameworks */ = {
			isa = PBXFrameworksBuildPhase;
			buildActionMask = 2147483647;
			files = (
			);
			runOnlyForDeploymentPostprocessing = 0;
		};
		3077E55A21CC333D00814343 /* Frameworks */ = {
			isa = PBXFrameworksBuildPhase;
			buildActionMask = 2147483647;
			files = (
			);
			runOnlyForDeploymentPostprocessing = 0;
		};
/* End PBXFrameworksBuildPhase section */

/* Begin PBXGroup section */
		3077E53521CC333700814343 = {
			isa = PBXGroup;
			children = (
				3077E54021CC333800814343 /* Radiator */,
				3077E55521CC333C00814343 /* RadiatorTests */,
				3077E56021CC333D00814343 /* RadiatorUITests */,
				3077E53F21CC333800814343 /* Products */,
			);
			sourceTree = "<group>";
		};
		3077E53F21CC333800814343 /* Products */ = {
			isa = PBXGroup;
			children = (
				3077E53E21CC333800814343 /* Radiator.app */,
				3077E55221CC333C00814343 /* RadiatorTests.xctest */,
				3077E55D21CC333D00814343 /* RadiatorUITests.xctest */,
			);
			name = Products;
			sourceTree = "<group>";
		};
		3077E54021CC333800814343 /* Radiator */ = {
			isa = PBXGroup;
			children = (
				3077E54121CC333800814343 /* AppDelegate.swift */,
				3077E54321CC333800814343 /* ViewController.swift */,
				3077E54521CC333900814343 /* Main.storyboard */,
				3077E54821CC333B00814343 /* Assets.xcassets */,
				3077E54A21CC333B00814343 /* LaunchScreen.storyboard */,
				3077E54D21CC333C00814343 /* Info.plist */,
			);
			path = Radiator;
			sourceTree = "<group>";
		};
		3077E55521CC333C00814343 /* RadiatorTests */ = {
			isa = PBXGroup;
			children = (
				3077E55621CC333C00814343 /* RadiatorTests.swift */,
				3077E55821CC333D00814343 /* Info.plist */,
			);
			path = RadiatorTests;
			sourceTree = "<group>";
		};
		3077E56021CC333D00814343 /* RadiatorUITests */ = {
			isa = PBXGroup;
			children = (
				3077E56121CC333D00814343 /* RadiatorUITests.swift */,
				3077E56321CC333D00814343 /* Info.plist */,
			);
			path = RadiatorUITests;
			sourceTree = "<group>";
		};
/* End PBXGroup section */

/* Begin PBXNativeTarget section */
		3077E53D21CC333800814343 /* Radiator */ = {
			isa = PBXNativeTarget;
			buildConfigurationList = 3077E56621CC333E00814343 /* Build configuration list for PBXNativeTarget "Radiator" */;
			buildPhases = (
				3077E53A21CC333800814343 /* Sources */,
				3077E53B21CC333800814343 /* Frameworks */,
				3077E53C21CC333800814343 /* Resources */,
			);
			buildRules = (
			);
			dependencies = (
			);
			name = Radiator;
			productName = Radiator;
			productReference = 3077E53E21CC333800814343 /* Radiator.app */;
			productType = "com.apple.product-type.application";
		};
		3077E55121CC333C00814343 /* RadiatorTests */ = {
			isa = PBXNativeTarget;
			buildConfigurationList = 3077E56921CC333E00814343 /* Build configuration list for PBXNativeTarget "RadiatorTests" */;
			buildPhases = (
				3077E54E21CC333C00814343 /* Sources */,
				3077E54F21CC333C00814343 /* Frameworks */,
				3077E55021CC333C00814343 /* Resources */,
			);
			buildRules = (
			);
			dependencies = (
				3077E55421CC333C00814343 /* PBXTargetDependency */,
			);
			name = RadiatorTests;
			productName = RadiatorTests;
			productReference = 3077E55221CC333C00814343 /* RadiatorTests.xctest */;
			productType = "com.apple.product-type.bundle.unit-test";
		};
		3077E55C21CC333D00814343 /* RadiatorUITests */ = {
			isa = PBXNativeTarget;
			buildConfigurationList = 3077E56C21CC333E00814343 /* Build configuration list for PBXNativeTarget "RadiatorUITests" */;
			buildPhases = (
				3077E55921CC333D00814343 /* Sources */,
				3077E55A21CC333D00814343 /* Frameworks */,
				3077E55B21CC333D00814343 /* Resources */,
			);
			buildRules = (
			);
			dependencies = (
				3077E55F21CC333D00814343 /* PBXTargetDependency */,
			);
			name = RadiatorUITests;
			productName = RadiatorUITests;
			productReference = 3077E55D21CC333D00814343 /* RadiatorUITests.xctest */;
			productType = "com.apple.product-type.bundle.ui-testing";
		};
/* End PBXNativeTarget section */

/* Begin PBXProject section */
		3077E53621CC333700814343 /* Project object */ = {
			isa = PBXProject;
			attributes = {
				LastSwiftUpdateCheck = 1010;
				LastUpgradeCheck = 1010;
				ORGANIZATIONNAME = garfromDev;
				TargetAttributes = {
					3077E53D21CC333800814343 = {
						CreatedOnToolsVersion = 10.1;
					};
					3077E55121CC333C00814343 = {
						CreatedOnToolsVersion = 10.1;
						TestTargetID = 3077E53D21CC333800814343;
					};
					3077E55C21CC333D00814343 = {
						CreatedOnToolsVersion = 10.1;
						TestTargetID = 3077E53D21CC333800814343;
					};
				};
			};
			buildConfigurationList = 3077E53921CC333700814343 /* Build configuration list for PBXProject "Radiator" */;
			compatibilityVersion = "Xcode 9.3";
			developmentRegion = en;
			hasScannedForEncodings = 0;
			knownRegions = (
				en,
				Base,
			);
			mainGroup = 3077E53521CC333700814343;
			productRefGroup = 3077E53F21CC333800814343 /* Products */;
			projectDirPath = "";
			projectRoot = "";
			targets = (
				3077E53D21CC333800814343 /* Radiator */,
				3077E55121CC333C00814343 /* RadiatorTests */,
				3077E55C21CC333D00814343 /* RadiatorUITests */,
			);
		};
/* End PBXProject section */

/* Begin PBXResourcesBuildPhase section */
		3077E53C21CC333800814343 /* Resources */ = {
			isa = PBXResourcesBuildPhase;
			buildActionMask = 2147483647;
			files = (
				3077E54C21CC333B00814343 /* LaunchScreen.storyboard in Resources */,
				3077E54921CC333B00814343 /* Assets.xcassets in Resources */,
				3077E54721CC333900814343 /* Main.storyboard in Resources */,
			);
			runOnlyForDeploymentPostprocessing = 0;
		};
		3077E55021CC333C00814343 /* Resources */ = {
			isa = PBXResourcesBuildPhase;
			buildActionMask = 2147483647;
			files = (
			);
			runOnlyForDeploymentPostprocessing = 0;
		};
		3077E55B21CC333D00814343 /* Resources */ = {
			isa = PBXResourcesBuildPhase;
			buildActionMask = 2147483647;
			files = (
			);
			runOnlyForDeploymentPostprocessing = 0;
		};
/* End PBXResourcesBuildPhase section */

/* Begin PBXSourcesBuildPhase section */
		3077E53A21CC333800814343 /* Sources */ = {
			isa = PBXSourcesBuildPhase;
			buildActionMask = 2147483647;
			files = (
				3077E54421CC333800814343 /* ViewController.swift in Sources */,
				3077E54221CC333800814343 /* AppDelegate.swift in Sources */,
			);
			runOnlyForDeploymentPostprocessing = 0;
		};
		3077E54E21CC333C00814343 /* Sources */ = {
			isa = PBXSourcesBuildPhase;
			buildActionMask = 2147483647;
			files = (
				3077E55721CC333C00814343 /* RadiatorTests.swift in Sources */,
			);
			runOnlyForDeploymentPostprocessing = 0;
		};
		3077E55921CC333D00814343 /* Sources */ = {
			isa = PBXSourcesBuildPhase;
			buildActionMask = 2147483647;
			files = (
				3077E56221CC333D00814343 /* RadiatorUITests.swift in Sources */,
			);
			runOnlyForDeploymentPostprocessing = 0;
		};
/* End PBXSourcesBuildPhase section */

/* Begin PBXTargetDependency section */
		3077E55421CC333C00814343 /* PBXTargetDependency */ = {
			isa = PBXTargetDependency;
			target = 3077E53D21CC333800814343 /* Radiator */;
			targetProxy = 3077E55321CC333C00814343 /* PBXContainerItemProxy */;
		};
		3077E55F21CC333D00814343 /* PBXTargetDependency */ = {
			isa = PBXTargetDependency;
			target = 3077E53D21CC333800814343 /* Radiator */;
			targetProxy = 3077E55E21CC333D00814343 /* PBXContainerItemProxy */;
		};
/* End PBXTargetDependency section */

/* Begin PBXVariantGroup section */
		3077E54521CC333900814343 /* Main.storyboard */ = {
			isa = PBXVariantGroup;
			children = (
				3077E54621CC333900814343 /* Base */,
			);
			name = Main.storyboard;
			sourceTree = "<group>";
		};
		3077E54A21CC333B00814343 /* LaunchScreen.storyboard */ = {
			isa = PBXVariantGroup;
			children = (
				3077E54B21CC333B00814343 /* Base */,
			);
			name = LaunchScreen.storyboard;
			sourceTree = "<group>";
		};
/* End PBXVariantGroup section */

/* Begin XCBuildConfiguration section */
		3077E56421CC333E00814343 /* Debug */ = {
			isa = XCBuildConfiguration;
			buildSettings = {
				ALWAYS_SEARCH_USER_PATHS = NO;
				CLANG_ANALYZER_NONNULL = YES;
				CLANG_ANALYZER_NUMBER_OBJECT_CONVERSION = YES_AGGRESSIVE;
				CLANG_CXX_LANGUAGE_STANDARD = "gnu++14";
				CLANG_CXX_LIBRARY = "libc++";
				CLANG_ENABLE_MODULES = YES;
				CLANG_ENABLE_OBJC_ARC = YES;
				CLANG_ENABLE_OBJC_WEAK = YES;
				CLANG_WARN_BLOCK_CAPTURE_AUTORELEASING = YES;
				CLANG_WARN_BOOL_CONVERSION = YES;
				CLANG_WARN_COMMA = YES;
				CLANG_WARN_CONSTANT_CONVERSION = YES;
				CLANG_WARN_DEPRECATED_OBJC_IMPLEMENTATIONS = YES;
				CLANG_WARN_DIRECT_OBJC_ISA_USAGE = YES_ERROR;
				CLANG_WARN_DOCUMENTATION_COMMENTS = YES;
				CLANG_WARN_EMPTY_BODY = YES;
				CLANG_WARN_ENUM_CONVERSION = YES;
				CLANG_WARN_INFINITE_RECURSION = YES;
				CLANG_WARN_INT_CONVERSION = YES;
				CLANG_WARN_NON_LITERAL_NULL_CONVERSION = YES;
				CLANG_WARN_OBJC_IMPLICIT_RETAIN_SELF = YES;
				CLANG_WARN_OBJC_LITERAL_CONVERSION = YES;
				CLANG_WARN_OBJC_ROOT_CLASS = YES_ERROR;
				CLANG_WARN_RANGE_LOOP_ANALYSIS = YES;
				CLANG_WARN_STRICT_PROTOTYPES = YES;
				CLANG_WARN_SUSPICIOUS_MOVE = YES;
				CLANG_WARN_UNGUARDED_AVAILABILITY = YES_AGGRESSIVE;
				CLANG_WARN_UNREACHABLE_CODE = YES;
				CLANG_WARN__DUPLICATE_METHOD_MATCH = YES;
				CODE_SIGN_IDENTITY = "iPhone Developer";
				COPY_PHASE_STRIP = NO;
				DEBUG_INFORMATION_FORMAT = dwarf;
				ENABLE_STRICT_OBJC_MSGSEND = YES;
				ENABLE_TESTABILITY = YES;
				GCC_C_LANGUAGE_STANDARD = gnu11;
				GCC_DYNAMIC_NO_PIC = NO;
				GCC_NO_COMMON_BLOCKS = YES;
				GCC_OPTIMIZATION_LEVEL = 0;
				GCC_PREPROCESSOR_DEFINITIONS = (
					"DEBUG=1",
					"$(inherited)",
				);
				GCC_WARN_64_TO_32_BIT_CONVERSION = YES;
				GCC_WARN_ABOUT_RETURN_TYPE = YES_ERROR;
				GCC_WARN_UNDECLARED_SELECTOR = YES;
				GCC_WARN_UNINITIALIZED_AUTOS = YES_AGGRESSIVE;
				GCC_WARN_UNUSED_FUNCTION = YES;
				GCC_WARN_UNUSED_VARIABLE = YES;
				IPHONEOS_DEPLOYMENT_TARGET = 12.1;
				MTL_ENABLE_DEBUG_INFO = INCLUDE_SOURCE;
				MTL_FAST_MATH = YES;
				ONLY_ACTIVE_ARCH = YES;
				SDKROOT = iphoneos;
				SWIFT_ACTIVE_COMPILATION_CONDITIONS = DEBUG;
				SWIFT_OPTIMIZATION_LEVEL = "-Onone";
			};
			name = Debug;
		};
		3077E56521CC333E00814343 /* Release */ = {
			isa = XCBuildConfiguration;
			buildSettings = {
				ALWAYS_SEARCH_USER_PATHS = NO;
				CLANG_ANALYZER_NONNULL = YES;
				CLANG_ANALYZER_NUMBER_OBJECT_CONVERSION = YES_AGGRESSIVE;
				CLANG_CXX_LANGUAGE_STANDARD = "gnu++14";
				CLANG_CXX_LIBRARY = "libc++";
				CLANG_ENABLE_MODULES = YES;
				CLANG_ENABLE_OBJC_ARC = YES;
				CLANG_ENABLE_OBJC_WEAK = YES;
				CLANG_WARN_BLOCK_CAPTURE_AUTORELEASING = YES;
				CLANG_WARN_BOOL_CONVERSION = YES;
				CLANG_WARN_COMMA = YES;
				CLANG_WARN_CONSTANT_CONVERSION = YES;
				CLANG_WARN_DEPRECATED_OBJC_IMPLEMENTATIONS = YES;
				CLANG_WARN_DIRECT_OBJC_ISA_USAGE = YES_ERROR;
				CLANG_WARN_DOCUMENTATION_COMMENTS = YES;
				CLANG_WARN_EMPTY_BODY = YES;
				CLANG_WARN_ENUM_CONVERSION = YES;
				CLANG_WARN_INFINITE_RECURSION = YES;
				CLANG_WARN_INT_CONVERSION = YES;
				CLANG_WARN_NON_LITERAL_NULL_CONVERSION = YES;
				CLANG_WARN_OBJC_IMPLICIT_RETAIN_SELF = YES;
				CLANG_WARN_OBJC_LITERAL_CONVERSION = YES;
				CLANG_WARN_OBJC_ROOT_CLASS = YES_ERROR;
				CLANG_WARN_RANGE_LOOP_ANALYSIS = YES;
				CLANG_WARN_STRICT_PROTOTYPES = YES;
				CLANG_WARN_SUSPICIOUS_MOVE = YES;
				CLANG_WARN_UNGUARDED_AVAILABILITY = YES_AGGRESSIVE;
				CLANG_WARN_UNREACHABLE_CODE = YES;
				CLANG_WARN__DUPLICATE_METHOD_MATCH = YES;
				CODE_SIGN_IDENTITY = "iPhone Developer";
				COPY_PHASE_STRIP = NO;
				DEBUG_INFORMATION_FORMAT = "dwarf-with-dsym";
				ENABLE_NS_ASSERTIONS = NO;
				ENABLE_STRICT_OBJC_MSGSEND = YES;
				GCC_C_LANGUAGE_STANDARD = gnu11;
				GCC_NO_COMMON_BLOCKS = YES;
				GCC_WARN_64_TO_32_BIT_CONVERSION = YES;
				GCC_WARN_ABOUT_RETURN_TYPE = YES_ERROR;
				GCC_WARN_UNDECLARED_SELECTOR = YES;
				GCC_WARN_UNINITIALIZED_AUTOS = YES_AGGRESSIVE;
				GCC_WARN_UNUSED_FUNCTION = YES;
				GCC_WARN_UNUSED_VARIABLE = YES;
				IPHONEOS_DEPLOYMENT_TARGET = 12.1;
				MTL_ENABLE_DEBUG_INFO = NO;
				MTL_FAST_MATH = YES;
				SDKROOT = iphoneos;
				SWIFT_COMPILATION_MODE = wholemodule;
				SWIFT_OPTIMIZATION_LEVEL = "-O";
				VALIDATE_PRODUCT = YES;
			};
			name = Release;
		};
		3077E56721CC333E00814343 /* Debug */ = {
			isa = XCBuildConfiguration;
			buildSettings = {
				ASSETCATALOG_COMPILER_APPICON_NAME = AppIcon;
				CODE_SIGN_STYLE = Automatic;
				DEVELOPMENT_TEAM = QXYQ94XRJK;
				INFOPLIST_FILE = Radiator/Info.plist;
				IPHONEOS_DEPLOYMENT_TARGET = 9.1;
				LD_RUNPATH_SEARCH_PATHS = (
					"$(inherited)",
					"@executable_path/Frameworks",
				);
				PRODUCT_BUNDLE_IDENTIFIER = fr.GarfromDev.Radiator;
				PRODUCT_NAME = "$(TARGET_NAME)";
				SWIFT_VERSION = 4.2;
				TARGETED_DEVICE_FAMILY = "1,2";
			};
			name = Debug;
		};
		3077E56821CC333E00814343 /* Release */ = {
			isa = XCBuildConfiguration;
			buildSettings = {
				ASSETCATALOG_COMPILER_APPICON_NAME = AppIcon;
				CODE_SIGN_STYLE = Automatic;
				DEVELOPMENT_TEAM = QXYQ94XRJK;
				INFOPLIST_FILE = Radiator/Info.plist;
				IPHONEOS_DEPLOYMENT_TARGET = 9.1;
				LD_RUNPATH_SEARCH_PATHS = (
					"$(inherited)",
					"@executable_path/Frameworks",
				);
				PRODUCT_BUNDLE_IDENTIFIER = fr.GarfromDev.Radiator;
				PRODUCT_NAME = "$(TARGET_NAME)";
				SWIFT_VERSION = 4.2;
				TARGETED_DEVICE_FAMILY = "1,2";
			};
			name = Release;
		};
		3077E56A21CC333E00814343 /* Debug */ = {
			isa = XCBuildConfiguration;
			buildSettings = {
				ALWAYS_EMBED_SWIFT_STANDARD_LIBRARIES = YES;
				BUNDLE_LOADER = "$(TEST_HOST)";
				CODE_SIGN_STYLE = Automatic;
				DEVELOPMENT_TEAM = QXYQ94XRJK;
				INFOPLIST_FILE = RadiatorTests/Info.plist;
				LD_RUNPATH_SEARCH_PATHS = (
					"$(inherited)",
					"@executable_path/Frameworks",
					"@loader_path/Frameworks",
				);
				PRODUCT_BUNDLE_IDENTIFIER = fr.GarfromDev.RadiatorTests;
				PRODUCT_NAME = "$(TARGET_NAME)";
				SWIFT_VERSION = 4.2;
				TARGETED_DEVICE_FAMILY = "1,2";
				TEST_HOST = "$(BUILT_PRODUCTS_DIR)/Radiator.app/Radiator";
			};
			name = Debug;
		};
		3077E56B21CC333E00814343 /* Release */ = {
			isa = XCBuildConfiguration;
			buildSettings = {
				ALWAYS_EMBED_SWIFT_STANDARD_LIBRARIES = YES;
				BUNDLE_LOADER = "$(TEST_HOST)";
				CODE_SIGN_STYLE = Automatic;
				DEVELOPMENT_TEAM = QXYQ94XRJK;
				INFOPLIST_FILE = RadiatorTests/Info.plist;
				LD_RUNPATH_SEARCH_PATHS = (
					"$(inherited)",
					"@executable_path/Frameworks",
					"@loader_path/Frameworks",
				);
				PRODUCT_BUNDLE_IDENTIFIER = fr.GarfromDev.RadiatorTests;
				PRODUCT_NAME = "$(TARGET_NAME)";
				SWIFT_VERSION = 4.2;
				TARGETED_DEVICE_FAMILY = "1,2";
				TEST_HOST = "$(BUILT_PRODUCTS_DIR)/Radiator.app/Radiator";
			};
			name = Release;
		};
		3077E56D21CC333E00814343 /* Debug */ = {
			isa = XCBuildConfiguration;
			buildSettings = {
				ALWAYS_EMBED_SWIFT_STANDARD_LIBRARIES = YES;
				CODE_SIGN_STYLE = Automatic;
				DEVELOPMENT_TEAM = QXYQ94XRJK;
				INFOPLIST_FILE = RadiatorUITests/Info.plist;
				LD_RUNPATH_SEARCH_PATHS = (
					"$(inherited)",
					"@executable_path/Frameworks",
					"@loader_path/Frameworks",
				);
				PRODUCT_BUNDLE_IDENTIFIER = fr.GarfromDev.RadiatorUITests;
				PRODUCT_NAME = "$(TARGET_NAME)";
				SWIFT_VERSION = 4.2;
				TARGETED_DEVICE_FAMILY = "1,2";
				TEST_TARGET_NAME = Radiator;
			};
			name = Debug;
		};
		3077E56E21CC333E00814343 /* Release */ = {
			isa = XCBuildConfiguration;
			buildSettings = {
				ALWAYS_EMBED_SWIFT_STANDARD_LIBRARIES = YES;
				CODE_SIGN_STYLE = Automatic;
				DEVELOPMENT_TEAM = QXYQ94XRJK;
				INFOPLIST_FILE = RadiatorUITests/Info.plist;
				LD_RUNPATH_SEARCH_PATHS = (
					"$(inherited)",
					"@executable_path/Frameworks",
					"@loader_path/Frameworks",
				);
				PRODUCT_BUNDLE_IDENTIFIER = fr.GarfromDev.RadiatorUITests;
				PRODUCT_NAME = "$(TARGET_NAME)";
				SWIFT_VERSION = 4.2;
				TARGETED_DEVICE_FAMILY = "1,2";
				TEST_TARGET_NAME = Radiator;
			};
			name = Release;
		};
/* End XCBuildConfiguration section */

/* Begin XCConfigurationList section */
		3077E53921CC333700814343 /* Build configuration list for PBXProject "Radiator" */ = {
			isa = XCConfigurationList;
			buildConfigurations = (
				3077E56421CC333E00814343 /* Debug */,
				3077E56521CC333E00814343 /* Release */,
			);
			defaultConfigurationIsVisible = 0;
			defaultConfigurationName = Release;
		};
		3077E56621CC333E00814343 /* Build configuration list for PBXNativeTarget "Radiator" */ = {
			isa = XCConfigurationList;
			buildConfigurations = (
				3077E56721CC333E00814343 /* Debug */,
				3077E56821CC333E00814343 /* Release */,
			);
			defaultConfigurationIsVisible = 0;
			defaultConfigurationName = Release;
		};
		3077E56921CC333E00814343 /* Build configuration list for PBXNativeTarget "RadiatorTests" */ = {
			isa = XCConfigurationList;
			buildConfigurations = (
				3077E56A21CC333E00814343 /* Debug */,
				3077E56B21CC333E00814343 /* Release */,
			);
			defaultConfigurationIsVisible = 0;
			defaultConfigurationName = Release;
		};
		3077E56C21CC333E00814343 /* Build configuration list for PBXNativeTarget "RadiatorUITests" */ = {
			isa = XCConfigurationList;
			buildConfigurations = (
				3077E56D21CC333E00814343 /* Debug */,
				3077E56E21CC333E00814343 /* Release */,
			);
			defaultConfigurationIsVisible = 0;
			defaultConfigurationName = Release;
		};
/* End XCConfigurationList section */
	};
	rootObject = 3077E53621CC333700814343 /* Project object */;
}
